
Microsoft Visual Studio Solution File, Format Version 12.00
# Visual Studio Version 16
VisualStudioVersion = 16.0.30011.22
MinimumVisualStudioVersion = 10.0.40219.1
Project("{9A19103F-16F7-4668-BE54-9A1E7A4F7556}") = "AplicacaoPrincipal", "AplicacaoPrincipal\AplicacaoPrincipal.csproj", "{01F688D0-ED01-4993-BE4E-E9C8844B3BDA}"
	ProjectSection(ProjectDependencies) = postProject
		{0ED332A7-E5BA-4943-8A53-162087522322} = {0ED332A7-E5BA-4943-8A53-162087522322}
	EndProjectSection
EndProject
Project("{9A19103F-16F7-4668-BE54-9A1E7A4F7556}") = "Singleton", "Singleton\Singleton.csproj", "{4502AC08-D0C3-4307-94F6-028D061B5778}"
EndProject
Project("{9A19103F-16F7-4668-BE54-9A1E7A4F7556}") = "Strategy", "Strategy\Strategy.csproj", "{FCD2C27E-C8CC-47B0-A720-4758D2EDB3B5}"
EndProject
Project("{9A19103F-16F7-4668-BE54-9A1E7A4F7556}") = "Template", "Template\Template.csproj", "{DA502B6C-1574-4BF0-BAA9-56CD82DEA114}"
EndProject
Project("{2150E333-8FDC-42A3-9474-1A3956D46DE8}") = "Factory", "Factory", "{211BC9EB-443A-4762-A9B2-AAF701CD7EBD}"
EndProject
Project("{9A19103F-16F7-4668-BE54-9A1E7A4F7556}") = "Factory_Nome_Sobrenome", "Factory_Nome_Sobrenome\Factory_Nome_Sobrenome.csproj", "{900023A4-7AD5-4CA2-9EE4-B63928AD45C6}"
EndProject
Project("{9A19103F-16F7-4668-BE54-9A1E7A4F7556}") = "Factory_Provedor_De_Informacoes", "Factory_Provedor_De_Informacoes\Factory_Provedor_De_Informacoes.csproj", "{0ED332A7-E5BA-4943-8A53-162087522322}"
EndProject
Project("{FAE04EC0-301F-11D3-BF4B-00C04F79EFBC}") = "Facade", "Facade\Facade.csproj", "{CE092564-A724-42B9-9BE5-2CA8A56D2CB4}"
EndProject
Global
	GlobalSection(SolutionConfigurationPlatforms) = preSolution
		Debug|Any CPU = Debug|Any CPU
		Release|Any CPU = Release|Any CPU
	EndGlobalSection
	GlobalSection(ProjectConfigurationPlatforms) = postSolution
		{01F688D0-ED01-4993-BE4E-E9C8844B3BDA}.Debug|Any CPU.ActiveCfg = Debug|Any CPU
		{01F688D0-ED01-4993-BE4E-E9C8844B3BDA}.Debug|Any CPU.Build.0 = Debug|Any CPU
		{01F688D0-ED01-4993-BE4E-E9C8844B3BDA}.Release|Any CPU.ActiveCfg = Release|Any CPU
		{01F688D0-ED01-4993-BE4E-E9C8844B3BDA}.Release|Any CPU.Build.0 = Release|Any CPU
		{4502AC08-D0C3-4307-94F6-028D061B5778}.Debug|Any CPU.ActiveCfg = Debug|Any CPU
		{4502AC08-D0C3-4307-94F6-028D061B5778}.Debug|Any CPU.Build.0 = Debug|Any CPU
		{4502AC08-D0C3-4307-94F6-028D061B5778}.Release|Any CPU.ActiveCfg = Release|Any CPU
		{4502AC08-D0C3-4307-94F6-028D061B5778}.Release|Any CPU.Build.0 = Release|Any CPU
		{FCD2C27E-C8CC-47B0-A720-4758D2EDB3B5}.Debug|Any CPU.ActiveCfg = Debug|Any CPU
		{FCD2C27E-C8CC-47B0-A720-4758D2EDB3B5}.Debug|Any CPU.Build.0 = Debug|Any CPU
		{FCD2C27E-C8CC-47B0-A720-4758D2EDB3B5}.Release|Any CPU.ActiveCfg = Release|Any CPU
		{FCD2C27E-C8CC-47B0-A720-4758D2EDB3B5}.Release|Any CPU.Build.0 = Release|Any CPU
		{DA502B6C-1574-4BF0-BAA9-56CD82DEA114}.Debug|Any CPU.ActiveCfg = Debug|Any CPU
		{DA502B6C-1574-4BF0-BAA9-56CD82DEA114}.Debug|Any CPU.Build.0 = Debug|Any CPU
		{DA502B6C-1574-4BF0-BAA9-56CD82DEA114}.Release|Any CPU.ActiveCfg = Release|Any CPU
		{DA502B6C-1574-4BF0-BAA9-56CD82DEA114}.Release|Any CPU.Build.0 = Release|Any CPU
		{900023A4-7AD5-4CA2-9EE4-B63928AD45C6}.Debug|Any CPU.ActiveCfg = Debug|Any CPU
		{900023A4-7AD5-4CA2-9EE4-B63928AD45C6}.Debug|Any CPU.Build.0 = Debug|Any CPU
		{900023A4-7AD5-4CA2-9EE4-B63928AD45C6}.Release|Any CPU.ActiveCfg = Release|Any CPU
		{900023A4-7AD5-4CA2-9EE4-B63928AD45C6}.Release|Any CPU.Build.0 = Release|Any CPU
		{0ED332A7-E5BA-4943-8A53-162087522322}.Debug|Any CPU.ActiveCfg = Debug|Any CPU
		{0ED332A7-E5BA-4943-8A53-162087522322}.Debug|Any CPU.Build.0 = Debug|Any CPU
		{0ED332A7-E5BA-4943-8A53-162087522322}.Release|Any CPU.ActiveCfg = Release|Any CPU
		{0ED332A7-E5BA-4943-8A53-162087522322}.Release|Any CPU.Build.0 = Release|Any CPU
		{CE092564-A724-42B9-9BE5-2CA8A56D2CB4}.Debug|Any CPU.ActiveCfg = Debug|Any CPU
		{CE092564-A724-42B9-9BE5-2CA8A56D2CB4}.Debug|Any CPU.Build.0 = Debug|Any CPU
		{CE092564-A724-42B9-9BE5-2CA8A56D2CB4}.Release|Any CPU.ActiveCfg = Release|Any CPU
		{CE092564-A724-42B9-9BE5-2CA8A56D2CB4}.Release|Any CPU.Build.0 = Release|Any CPU
	EndGlobalSection
	GlobalSection(SolutionProperties) = preSolution
		HideSolutionNode = FALSE
	EndGlobalSection
	GlobalSection(NestedProjects) = preSolution
		{900023A4-7AD5-4CA2-9EE4-B63928AD45C6} = {211BC9EB-443A-4762-A9B2-AAF701CD7EBD}
		{0ED332A7-E5BA-4943-8A53-162087522322} = {211BC9EB-443A-4762-A9B2-AAF701CD7EBD}
	EndGlobalSection
	GlobalSection(ExtensibilityGlobals) = postSolution
		SolutionGuid = {52EB9AC7-E318-494C-846B-C18A14C650EF}
	EndGlobalSection
EndGlobal
